
Microsoft Visual Studio Solution File, Format Version 12.00
# Visual Studio Version 16
VisualStudioVersion = 16.0.30114.105
MinimumVisualStudioVersion = 10.0.40219.1
Project("{FAE04EC0-301F-11D3-BF4B-00C04F79EFBC}") = "MyWebApp.Client", "MyWebApp.Client\MyWebApp.Client.csproj", "{071E0E7A-80C8-4FC3-B161-FF6A8EF775F3}"
EndProject
Project("{FAE04EC0-301F-11D3-BF4B-00C04F79EFBC}") = "MyWebApp.DataStore", "MyWebApp.DataStore\MyWebApp.DataStore.csproj", "{649DCE52-BF93-4EAB-9BF9-C1090B13499B}"
EndProject
Project("{FAE04EC0-301F-11D3-BF4B-00C04F79EFBC}") = "MyWebApp.DataStoreTest", "MyWebApp.DataStoreTest\MyWebApp.DataStoreTest.csproj", "{A574A89F-8335-4190-ACF0-6E8CBF16115F}"
EndProject
Global
	GlobalSection(SolutionConfigurationPlatforms) = preSolution
		Debug|Any CPU = Debug|Any CPU
		Debug|x64 = Debug|x64
		Debug|x86 = Debug|x86
		Release|Any CPU = Release|Any CPU
		Release|x64 = Release|x64
		Release|x86 = Release|x86
	EndGlobalSection
	GlobalSection(SolutionProperties) = preSolution
		HideSolutionNode = FALSE
	EndGlobalSection
	GlobalSection(ProjectConfigurationPlatforms) = postSolution
		{071E0E7A-80C8-4FC3-B161-FF6A8EF775F3}.Debug|Any CPU.ActiveCfg = Debug|Any CPU
		{071E0E7A-80C8-4FC3-B161-FF6A8EF775F3}.Debug|Any CPU.Build.0 = Debug|Any CPU
		{071E0E7A-80C8-4FC3-B161-FF6A8EF775F3}.Debug|x64.ActiveCfg = Debug|Any CPU
		{071E0E7A-80C8-4FC3-B161-FF6A8EF775F3}.Debug|x64.Build.0 = Debug|Any CPU
		{071E0E7A-80C8-4FC3-B161-FF6A8EF775F3}.Debug|x86.ActiveCfg = Debug|Any CPU
		{071E0E7A-80C8-4FC3-B161-FF6A8EF775F3}.Debug|x86.Build.0 = Debug|Any CPU
		{071E0E7A-80C8-4FC3-B161-FF6A8EF775F3}.Release|Any CPU.ActiveCfg = Release|Any CPU
		{071E0E7A-80C8-4FC3-B161-FF6A8EF775F3}.Release|Any CPU.Build.0 = Release|Any CPU
		{071E0E7A-80C8-4FC3-B161-FF6A8EF775F3}.Release|x64.ActiveCfg = Release|Any CPU
		{071E0E7A-80C8-4FC3-B161-FF6A8EF775F3}.Release|x64.Build.0 = Release|Any CPU
		{071E0E7A-80C8-4FC3-B161-FF6A8EF775F3}.Release|x86.ActiveCfg = Release|Any CPU
		{071E0E7A-80C8-4FC3-B161-FF6A8EF775F3}.Release|x86.Build.0 = Release|Any CPU
		{649DCE52-BF93-4EAB-9BF9-C1090B13499B}.Debug|Any CPU.ActiveCfg = Debug|Any CPU
		{649DCE52-BF93-4EAB-9BF9-C1090B13499B}.Debug|Any CPU.Build.0 = Debug|Any CPU
		{649DCE52-BF93-4EAB-9BF9-C1090B13499B}.Debug|x64.ActiveCfg = Debug|Any CPU
		{649DCE52-BF93-4EAB-9BF9-C1090B13499B}.Debug|x64.Build.0 = Debug|Any CPU
		{649DCE52-BF93-4EAB-9BF9-C1090B13499B}.Debug|x86.ActiveCfg = Debug|Any CPU
		{649DCE52-BF93-4EAB-9BF9-C1090B13499B}.Debug|x86.Build.0 = Debug|Any CPU
		{649DCE52-BF93-4EAB-9BF9-C1090B13499B}.Release|Any CPU.ActiveCfg = Release|Any CPU
		{649DCE52-BF93-4EAB-9BF9-C1090B13499B}.Release|Any CPU.Build.0 = Release|Any CPU
		{649DCE52-BF93-4EAB-9BF9-C1090B13499B}.Release|x64.ActiveCfg = Release|Any CPU
		{649DCE52-BF93-4EAB-9BF9-C1090B13499B}.Release|x64.Build.0 = Release|Any CPU
		{649DCE52-BF93-4EAB-9BF9-C1090B13499B}.Release|x86.ActiveCfg = Release|Any CPU
		{649DCE52-BF93-4EAB-9BF9-C1090B13499B}.Release|x86.Build.0 = Release|Any CPU
		{A574A89F-8335-4190-ACF0-6E8CBF16115F}.Debug|Any CPU.ActiveCfg = Debug|Any CPU
		{A574A89F-8335-4190-ACF0-6E8CBF16115F}.Debug|Any CPU.Build.0 = Debug|Any CPU
		{A574A89F-8335-4190-ACF0-6E8CBF16115F}.Debug|x64.ActiveCfg = Debug|Any CPU
		{A574A89F-8335-4190-ACF0-6E8CBF16115F}.Debug|x64.Build.0 = Debug|Any CPU
		{A574A89F-8335-4190-ACF0-6E8CBF16115F}.Debug|x86.ActiveCfg = Debug|Any CPU
		{A574A89F-8335-4190-ACF0-6E8CBF16115F}.Debug|x86.Build.0 = Debug|Any CPU
		{A574A89F-8335-4190-ACF0-6E8CBF16115F}.Release|Any CPU.ActiveCfg = Release|Any CPU
		{A574A89F-8335-4190-ACF0-6E8CBF16115F}.Release|Any CPU.Build.0 = Release|Any CPU
		{A574A89F-8335-4190-ACF0-6E8CBF16115F}.Release|x64.ActiveCfg = Release|Any CPU
		{A574A89F-8335-4190-ACF0-6E8CBF16115F}.Release|x64.Build.0 = Release|Any CPU
		{A574A89F-8335-4190-ACF0-6E8CBF16115F}.Release|x86.ActiveCfg = Release|Any CPU
		{A574A89F-8335-4190-ACF0-6E8CBF16115F}.Release|x86.Build.0 = Release|Any CPU
	EndGlobalSection
EndGlobal
